// !$*UTF8*$!
{
	archiveVersion = 1;
	classes = {
	};
	objectVersion = 46;
	objects = {

/* Begin PBXBuildFile section */
		935247031C503053005AD9C9 /* libglfw.3.1.dylib in Frameworks */ = {isa = PBXBuildFile; fileRef = 935247021C503053005AD9C9 /* libglfw.3.1.dylib */; };
		936A33AD1C46D3AC00713A03 /* OpenGL.framework in Frameworks */ = {isa = PBXBuildFile; fileRef = 936A33AB1C46D3AC00713A03 /* OpenGL.framework */; };
		93A6165C1CA9FDEA00305CED /* main.cpp in Sources */ = {isa = PBXBuildFile; fileRef = 93A616581CA9FDEA00305CED /* main.cpp */; };
		93A616621CAA07C300305CED /* Memoriae.cpp in Sources */ = {isa = PBXBuildFile; fileRef = 93A616611CAA07C300305CED /* Memoriae.cpp */; };
/* End PBXBuildFile section */

/* Begin PBXCopyFilesBuildPhase section */
		936A339A1C46C6FF00713A03 /* CopyFiles */ = {
			isa = PBXCopyFilesBuildPhase;
			buildActionMask = 2147483647;
			dstPath = /usr/share/man/man1/;
			dstSubfolderSpec = 0;
			files = (
			);
			runOnlyForDeploymentPostprocessing = 1;
		};
/* End PBXCopyFilesBuildPhase section */

/* Begin PBXFileReference section */
		935247021C503053005AD9C9 /* libglfw.3.1.dylib */ = {isa = PBXFileReference; lastKnownFileType = "compiled.mach-o.dylib"; name = libglfw.3.1.dylib; path = ../../../../usr/local/lib/libglfw.3.1.dylib; sourceTree = "<group>"; };
		936A339C1C46C6FF00713A03 /* Memoriae */ = {isa = PBXFileReference; explicitFileType = "compiled.mach-o.executable"; includeInIndex = 0; path = Memoriae; sourceTree = BUILT_PRODUCTS_DIR; };
		936A33AB1C46D3AC00713A03 /* OpenGL.framework */ = {isa = PBXFileReference; lastKnownFileType = wrapper.framework; name = OpenGL.framework; path = System/Library/Frameworks/OpenGL.framework; sourceTree = SDKROOT; };
		93A616581CA9FDEA00305CED /* main.cpp */ = {isa = PBXFileReference; fileEncoding = 4; lastKnownFileType = sourcecode.cpp.cpp; name = main.cpp; path = Memoriae/main.cpp; sourceTree = SOURCE_ROOT; };
		93A616611CAA07C300305CED /* Memoriae.cpp */ = {isa = PBXFileReference; fileEncoding = 4; lastKnownFileType = sourcecode.cpp.cpp; name = Memoriae.cpp; path = Memoriae/Memoriae.cpp; sourceTree = SOURCE_ROOT; };
		93A616631CAA07CB00305CED /* Memoriae.hpp */ = {isa = PBXFileReference; lastKnownFileType = sourcecode.cpp.h; name = Memoriae.hpp; path = Memoriae/Memoriae.hpp; sourceTree = SOURCE_ROOT; };
/* End PBXFileReference section */

/* Begin PBXFrameworksBuildPhase section */
		936A33991C46C6FF00713A03 /* Frameworks */ = {
			isa = PBXFrameworksBuildPhase;
			buildActionMask = 2147483647;
			files = (
				935247031C503053005AD9C9 /* libglfw.3.1.dylib in Frameworks */,
				936A33AD1C46D3AC00713A03 /* OpenGL.framework in Frameworks */,
			);
			runOnlyForDeploymentPostprocessing = 0;
		};
/* End PBXFrameworksBuildPhase section */

/* Begin PBXGroup section */
		936A33931C46C6FF00713A03 = {
			isa = PBXGroup;
			children = (
				935247021C503053005AD9C9 /* libglfw.3.1.dylib */,
				936A33AB1C46D3AC00713A03 /* OpenGL.framework */,
				936A339E1C46C6FF00713A03 /* Memoriae */,
				936A339D1C46C6FF00713A03 /* Products */,
			);
			sourceTree = "<group>";
		};
		936A339D1C46C6FF00713A03 /* Products */ = {
			isa = PBXGroup;
			children = (
				936A339C1C46C6FF00713A03 /* Memoriae */,
			);
			name = Products;
			sourceTree = "<group>";
		};
		936A339E1C46C6FF00713A03 /* Memoriae */ = {
			isa = PBXGroup;
			children = (
				93A616581CA9FDEA00305CED /* main.cpp */,
				93A616611CAA07C300305CED /* Memoriae.cpp */,
				93A616631CAA07CB00305CED /* Memoriae.hpp */,
			);
			name = Memoriae;
			path = prueba;
			sourceTree = "<group>";
		};
/* End PBXGroup section */

/* Begin PBXNativeTarget section */
		936A339B1C46C6FF00713A03 /* Memoriae */ = {
			isa = PBXNativeTarget;
			buildConfigurationList = 936A33A31C46C6FF00713A03 /* Build configuration list for PBXNativeTarget "Memoriae" */;
			buildPhases = (
				936A33981C46C6FF00713A03 /* Sources */,
				936A33991C46C6FF00713A03 /* Frameworks */,
				936A339A1C46C6FF00713A03 /* CopyFiles */,
			);
			buildRules = (
			);
			dependencies = (
			);
			name = Memoriae;
			productName = prueba;
			productReference = 936A339C1C46C6FF00713A03 /* Memoriae */;
			productType = "com.apple.product-type.tool";
		};
/* End PBXNativeTarget section */

/* Begin PBXProject section */
		936A33941C46C6FF00713A03 /* Project object */ = {
			isa = PBXProject;
			attributes = {
				LastUpgradeCheck = 0720;
				ORGANIZATIONNAME = manolo;
				TargetAttributes = {
					936A339B1C46C6FF00713A03 = {
						CreatedOnToolsVersion = 7.2;
					};
				};
			};
			buildConfigurationList = 936A33971C46C6FF00713A03 /* Build configuration list for PBXProject "Memoriae" */;
			compatibilityVersion = "Xcode 3.2";
			developmentRegion = English;
			hasScannedForEncodings = 0;
			knownRegions = (
				en,
			);
			mainGroup = 936A33931C46C6FF00713A03;
			productRefGroup = 936A339D1C46C6FF00713A03 /* Products */;
			projectDirPath = "";
			projectRoot = "";
			targets = (
				936A339B1C46C6FF00713A03 /* Memoriae */,
			);
		};
/* End PBXProject section */

/* Begin PBXSourcesBuildPhase section */
		936A33981C46C6FF00713A03 /* Sources */ = {
			isa = PBXSourcesBuildPhase;
			buildActionMask = 2147483647;
			files = (
				93A616621CAA07C300305CED /* Memoriae.cpp in Sources */,
				93A6165C1CA9FDEA00305CED /* main.cpp in Sources */,
			);
			runOnlyForDeploymentPostprocessing = 0;
		};
/* End PBXSourcesBuildPhase section */

/* Begin XCBuildConfiguration section */
		936A33A11C46C6FF00713A03 /* Debug */ = {
			isa = XCBuildConfiguration;
			buildSettings = {
				ALWAYS_SEARCH_USER_PATHS = NO;
				CLANG_CXX_LANGUAGE_STANDARD = "gnu++0x";
				CLANG_CXX_LIBRARY = "libc++";
				CLANG_ENABLE_MODULES = YES;
				CLANG_ENABLE_OBJC_ARC = YES;
				CLANG_WARN_BOOL_CONVERSION = YES;
				CLANG_WARN_CONSTANT_CONVERSION = YES;
				CLANG_WARN_DIRECT_OBJC_ISA_USAGE = YES_ERROR;
				CLANG_WARN_EMPTY_BODY = YES;
				CLANG_WARN_ENUM_CONVERSION = YES;
				CLANG_WARN_INT_CONVERSION = YES;
				CLANG_WARN_OBJC_ROOT_CLASS = YES_ERROR;
				CLANG_WARN_UNREACHABLE_CODE = YES;
				CLANG_WARN__DUPLICATE_METHOD_MATCH = YES;
				CODE_SIGN_IDENTITY = "-";
				COPY_PHASE_STRIP = NO;
				DEBUG_INFORMATION_FORMAT = dwarf;
				ENABLE_STRICT_OBJC_MSGSEND = YES;
				ENABLE_TESTABILITY = YES;
				GCC_C_LANGUAGE_STANDARD = gnu99;
				GCC_DYNAMIC_NO_PIC = NO;
				GCC_NO_COMMON_BLOCKS = YES;
				GCC_OPTIMIZATION_LEVEL = 0;
				GCC_PREPROCESSOR_DEFINITIONS = (
					"DEBUG=1",
					"$(inherited)",
				);
				GCC_WARN_64_TO_32_BIT_CONVERSION = YES;
				GCC_WARN_ABOUT_RETURN_TYPE = YES_ERROR;
				GCC_WARN_UNDECLARED_SELECTOR = YES;
				GCC_WARN_UNINITIALIZED_AUTOS = YES_AGGRESSIVE;
				GCC_WARN_UNUSED_FUNCTION = YES;
				GCC_WARN_UNUSED_VARIABLE = YES;
				MACOSX_DEPLOYMENT_TARGET = 10.11;
				MTL_ENABLE_DEBUG_INFO = YES;
				ONLY_ACTIVE_ARCH = YES;
				SDKROOT = macosx;
			};
			name = Debug;
		};
		936A33A21C46C6FF00713A03 /* Release */ = {
			isa = XCBuildConfiguration;
			buildSettings = {
				ALWAYS_SEARCH_USER_PATHS = NO;
				CLANG_CXX_LANGUAGE_STANDARD = "gnu++0x";
				CLANG_CXX_LIBRARY = "libc++";
				CLANG_ENABLE_MODULES = YES;
				CLANG_ENABLE_OBJC_ARC = YES;
				CLANG_WARN_BOOL_CONVERSION = YES;
				CLANG_WARN_CONSTANT_CONVERSION = YES;
				CLANG_WARN_DIRECT_OBJC_ISA_USAGE = YES_ERROR;
				CLANG_WARN_EMPTY_BODY = YES;
				CLANG_WARN_ENUM_CONVERSION = YES;
				CLANG_WARN_INT_CONVERSION = YES;
				CLANG_WARN_OBJC_ROOT_CLASS = YES_ERROR;
				CLANG_WARN_UNREACHABLE_CODE = YES;
				CLANG_WARN__DUPLICATE_METHOD_MATCH = YES;
				CODE_SIGN_IDENTITY = "-";
				COPY_PHASE_STRIP = NO;
				DEBUG_INFORMATION_FORMAT = "dwarf-with-dsym";
				ENABLE_NS_ASSERTIONS = NO;
				ENABLE_STRICT_OBJC_MSGSEND = YES;
				GCC_C_LANGUAGE_STANDARD = gnu99;
				GCC_NO_COMMON_BLOCKS = YES;
				GCC_WARN_64_TO_32_BIT_CONVERSION = YES;
				GCC_WARN_ABOUT_RETURN_TYPE = YES_ERROR;
				GCC_WARN_UNDECLARED_SELECTOR = YES;
				GCC_WARN_UNINITIALIZED_AUTOS = YES_AGGRESSIVE;
				GCC_WARN_UNUSED_FUNCTION = YES;
				GCC_WARN_UNUSED_VARIABLE = YES;
				MACOSX_DEPLOYMENT_TARGET = 10.11;
				MTL_ENABLE_DEBUG_INFO = NO;
				SDKROOT = macosx;
			};
			name = Release;
		};
		936A33A41C46C6FF00713A03 /* Debug */ = {
			isa = XCBuildConfiguration;
			buildSettings = {
				HEADER_SEARCH_PATHS = /opt/local/include;
				LIBRARY_SEARCH_PATHS = (
					"$(inherited)",
					/opt/local/lib,
				);
				PRODUCT_NAME = Memoriae;
			};
			name = Debug;
		};
		936A33A51C46C6FF00713A03 /* Release */ = {
			isa = XCBuildConfiguration;
			buildSettings = {
				HEADER_SEARCH_PATHS = /opt/local/include;
				LIBRARY_SEARCH_PATHS = (
					"$(inherited)",
					/opt/local/lib,
				);
				PRODUCT_NAME = Memoriae;
			};
			name = Release;
		};
/* End XCBuildConfiguration section */

/* Begin XCConfigurationList section */
		936A33971C46C6FF00713A03 /* Build configuration list for PBXProject "Memoriae" */ = {
			isa = XCConfigurationList;
			buildConfigurations = (
				936A33A11C46C6FF00713A03 /* Debug */,
				936A33A21C46C6FF00713A03 /* Release */,
			);
			defaultConfigurationIsVisible = 0;
			defaultConfigurationName = Release;
		};
		936A33A31C46C6FF00713A03 /* Build configuration list for PBXNativeTarget "Memoriae" */ = {
			isa = XCConfigurationList;
			buildConfigurations = (
				936A33A41C46C6FF00713A03 /* Debug */,
				936A33A51C46C6FF00713A03 /* Release */,
			);
			defaultConfigurationIsVisible = 0;
			defaultConfigurationName = Release;
		};
/* End XCConfigurationList section */
	};
	rootObject = 936A33941C46C6FF00713A03 /* Project object */;
}
